// !$*UTF8*$!
{
	archiveVersion = 1;
	classes = {
	};
	objectVersion = 56;
	objects = {

/* Begin PBXBuildFile section */
		6748F8022B6AAEF7001BE8FD /* PlacesView.swift in Sources */ = {isa = PBXBuildFile; fileRef = 6748F8012B6AAEF7001BE8FD /* PlacesView.swift */; };
		6759BF592B69DC7000BBD9D6 /* ShoppingApp05App.swift in Sources */ = {isa = PBXBuildFile; fileRef = 6759BF582B69DC7000BBD9D6 /* ShoppingApp05App.swift */; };
		6759BF5B2B69DC7000BBD9D6 /* ContentView.swift in Sources */ = {isa = PBXBuildFile; fileRef = 6759BF5A2B69DC7000BBD9D6 /* ContentView.swift */; };
		6759BF5D2B69DC7100BBD9D6 /* Assets.xcassets in Resources */ = {isa = PBXBuildFile; fileRef = 6759BF5C2B69DC7100BBD9D6 /* Assets.xcassets */; };
		6759BF602B69DC7100BBD9D6 /* Preview Assets.xcassets in Resources */ = {isa = PBXBuildFile; fileRef = 6759BF5F2B69DC7100BBD9D6 /* Preview Assets.xcassets */; };
		6759BF672B69DD6500BBD9D6 /* OnBoardingScreenView.swift in Sources */ = {isa = PBXBuildFile; fileRef = 6759BF662B69DD6500BBD9D6 /* OnBoardingScreenView.swift */; };
		6759BF6A2B69DD9F00BBD9D6 /* HomeScreen.swift in Sources */ = {isa = PBXBuildFile; fileRef = 6759BF692B69DD9F00BBD9D6 /* HomeScreen.swift */; };
		6759BF6D2B69E29300BBD9D6 /* FruitData.swift in Sources */ = {isa = PBXBuildFile; fileRef = 6759BF6C2B69E29300BBD9D6 /* FruitData.swift */; };
		6759BF6F2B69E2BF00BBD9D6 /* PlacesData.swift in Sources */ = {isa = PBXBuildFile; fileRef = 6759BF6E2B69E2BF00BBD9D6 /* PlacesData.swift */; };
		6759BF712B69E32700BBD9D6 /* FruitCardView.swift in Sources */ = {isa = PBXBuildFile; fileRef = 6759BF702B69E32700BBD9D6 /* FruitCardView.swift */; };
		6759BF732B69E53300BBD9D6 /* DetailView.swift in Sources */ = {isa = PBXBuildFile; fileRef = 6759BF722B69E53300BBD9D6 /* DetailView.swift */; };
		6759BF752B69E56C00BBD9D6 /* TopSellingView.swift in Sources */ = {isa = PBXBuildFile; fileRef = 6759BF742B69E56C00BBD9D6 /* TopSellingView.swift */; };
/* End PBXBuildFile section */

/* Begin PBXFileReference section */
		6748F8012B6AAEF7001BE8FD /* PlacesView.swift */ = {isa = PBXFileReference; lastKnownFileType = sourcecode.swift; path = PlacesView.swift; sourceTree = "<group>"; };
		6759BF552B69DC7000BBD9D6 /* ShoppingApp05.app */ = {isa = PBXFileReference; explicitFileType = wrapper.application; includeInIndex = 0; path = ShoppingApp05.app; sourceTree = BUILT_PRODUCTS_DIR; };
		6759BF582B69DC7000BBD9D6 /* ShoppingApp05App.swift */ = {isa = PBXFileReference; lastKnownFileType = sourcecode.swift; path = ShoppingApp05App.swift; sourceTree = "<group>"; };
		6759BF5A2B69DC7000BBD9D6 /* ContentView.swift */ = {isa = PBXFileReference; lastKnownFileType = sourcecode.swift; path = ContentView.swift; sourceTree = "<group>"; };
		6759BF5C2B69DC7100BBD9D6 /* Assets.xcassets */ = {isa = PBXFileReference; lastKnownFileType = folder.assetcatalog; path = Assets.xcassets; sourceTree = "<group>"; };
		6759BF5F2B69DC7100BBD9D6 /* Preview Assets.xcassets */ = {isa = PBXFileReference; lastKnownFileType = folder.assetcatalog; path = "Preview Assets.xcassets"; sourceTree = "<group>"; };
		6759BF662B69DD6500BBD9D6 /* OnBoardingScreenView.swift */ = {isa = PBXFileReference; lastKnownFileType = sourcecode.swift; path = OnBoardingScreenView.swift; sourceTree = "<group>"; };
		6759BF692B69DD9F00BBD9D6 /* HomeScreen.swift */ = {isa = PBXFileReference; lastKnownFileType = sourcecode.swift; path = HomeScreen.swift; sourceTree = "<group>"; };
		6759BF6C2B69E29300BBD9D6 /* FruitData.swift */ = {isa = PBXFileReference; lastKnownFileType = sourcecode.swift; path = FruitData.swift; sourceTree = "<group>"; };
		6759BF6E2B69E2BF00BBD9D6 /* PlacesData.swift */ = {isa = PBXFileReference; lastKnownFileType = sourcecode.swift; path = PlacesData.swift; sourceTree = "<group>"; };
		6759BF702B69E32700BBD9D6 /* FruitCardView.swift */ = {isa = PBXFileReference; lastKnownFileType = sourcecode.swift; path = FruitCardView.swift; sourceTree = "<group>"; };
		6759BF722B69E53300BBD9D6 /* DetailView.swift */ = {isa = PBXFileReference; lastKnownFileType = sourcecode.swift; path = DetailView.swift; sourceTree = "<group>"; };
		6759BF742B69E56C00BBD9D6 /* TopSellingView.swift */ = {isa = PBXFileReference; lastKnownFileType = sourcecode.swift; path = TopSellingView.swift; sourceTree = "<group>"; };
/* End PBXFileReference section */

/* Begin PBXFrameworksBuildPhase section */
		6759BF522B69DC7000BBD9D6 /* Frameworks */ = {
			isa = PBXFrameworksBuildPhase;
			buildActionMask = 2147483647;
			files = (
			);
			runOnlyForDeploymentPostprocessing = 0;
		};
/* End PBXFrameworksBuildPhase section */

/* Begin PBXGroup section */
		6759BF4C2B69DC7000BBD9D6 = {
			isa = PBXGroup;
			children = (
				6759BF572B69DC7000BBD9D6 /* ShoppingApp05 */,
				6759BF562B69DC7000BBD9D6 /* Products */,
			);
			sourceTree = "<group>";
		};
		6759BF562B69DC7000BBD9D6 /* Products */ = {
			isa = PBXGroup;
			children = (
				6759BF552B69DC7000BBD9D6 /* ShoppingApp05.app */,
			);
			name = Products;
			sourceTree = "<group>";
		};
		6759BF572B69DC7000BBD9D6 /* ShoppingApp05 */ = {
			isa = PBXGroup;
			children = (
				6759BF6B2B69E25400BBD9D6 /* Model */,
				6759BF682B69DD8700BBD9D6 /* HomeScreen */,
				6759BF582B69DC7000BBD9D6 /* ShoppingApp05App.swift */,
				6759BF5A2B69DC7000BBD9D6 /* ContentView.swift */,
				6759BF662B69DD6500BBD9D6 /* OnBoardingScreenView.swift */,
				6759BF5C2B69DC7100BBD9D6 /* Assets.xcassets */,
				6759BF5E2B69DC7100BBD9D6 /* Preview Content */,
			);
			path = ShoppingApp05;
			sourceTree = "<group>";
		};
		6759BF5E2B69DC7100BBD9D6 /* Preview Content */ = {
			isa = PBXGroup;
			children = (
				6759BF5F2B69DC7100BBD9D6 /* Preview Assets.xcassets */,
			);
			path = "Preview Content";
			sourceTree = "<group>";
		};
		6759BF682B69DD8700BBD9D6 /* HomeScreen */ = {
			isa = PBXGroup;
			children = (
				6759BF692B69DD9F00BBD9D6 /* HomeScreen.swift */,
				6759BF702B69E32700BBD9D6 /* FruitCardView.swift */,
				6759BF722B69E53300BBD9D6 /* DetailView.swift */,
				6759BF742B69E56C00BBD9D6 /* TopSellingView.swift */,
				6748F8012B6AAEF7001BE8FD /* PlacesView.swift */,
			);
			path = HomeScreen;
			sourceTree = "<group>";
		};
		6759BF6B2B69E25400BBD9D6 /* Model */ = {
			isa = PBXGroup;
			children = (
				6759BF6C2B69E29300BBD9D6 /* FruitData.swift */,
				6759BF6E2B69E2BF00BBD9D6 /* PlacesData.swift */,
			);
			path = Model;
			sourceTree = "<group>";
		};
/* End PBXGroup section */

/* Begin PBXNativeTarget section */
		6759BF542B69DC7000BBD9D6 /* ShoppingApp05 */ = {
			isa = PBXNativeTarget;
			buildConfigurationList = 6759BF632B69DC7100BBD9D6 /* Build configuration list for PBXNativeTarget "ShoppingApp05" */;
			buildPhases = (
				6759BF512B69DC7000BBD9D6 /* Sources */,
				6759BF522B69DC7000BBD9D6 /* Frameworks */,
				6759BF532B69DC7000BBD9D6 /* Resources */,
			);
			buildRules = (
			);
			dependencies = (
			);
			name = ShoppingApp05;
			productName = ShoppingApp05;
			productReference = 6759BF552B69DC7000BBD9D6 /* ShoppingApp05.app */;
			productType = "com.apple.product-type.application";
		};
/* End PBXNativeTarget section */

/* Begin PBXProject section */
		6759BF4D2B69DC7000BBD9D6 /* Project object */ = {
			isa = PBXProject;
			attributes = {
				BuildIndependentTargetsInParallel = 1;
				LastSwiftUpdateCheck = 1520;
				LastUpgradeCheck = 1520;
				TargetAttributes = {
					6759BF542B69DC7000BBD9D6 = {
						CreatedOnToolsVersion = 15.2;
					};
				};
			};
			buildConfigurationList = 6759BF502B69DC7000BBD9D6 /* Build configuration list for PBXProject "ShoppingApp05" */;
			compatibilityVersion = "Xcode 14.0";
			developmentRegion = en;
			hasScannedForEncodings = 0;
			knownRegions = (
				en,
				Base,
			);
			mainGroup = 6759BF4C2B69DC7000BBD9D6;
			productRefGroup = 6759BF562B69DC7000BBD9D6 /* Products */;
			projectDirPath = "";
			projectRoot = "";
			targets = (
				6759BF542B69DC7000BBD9D6 /* ShoppingApp05 */,
			);
		};
/* End PBXProject section */

/* Begin PBXResourcesBuildPhase section */
		6759BF532B69DC7000BBD9D6 /* Resources */ = {
			isa = PBXResourcesBuildPhase;
			buildActionMask = 2147483647;
			files = (
				6759BF602B69DC7100BBD9D6 /* Preview Assets.xcassets in Resources */,
				6759BF5D2B69DC7100BBD9D6 /* Assets.xcassets in Resources */,
			);
			runOnlyForDeploymentPostprocessing = 0;
		};
/* End PBXResourcesBuildPhase section */

/* Begin PBXSourcesBuildPhase section */
		6759BF512B69DC7000BBD9D6 /* Sources */ = {
			isa = PBXSourcesBuildPhase;
			buildActionMask = 2147483647;
			files = (
				6759BF6A2B69DD9F00BBD9D6 /* HomeScreen.swift in Sources */,
				6759BF732B69E53300BBD9D6 /* DetailView.swift in Sources */,
				6759BF752B69E56C00BBD9D6 /* TopSellingView.swift in Sources */,
				6759BF6D2B69E29300BBD9D6 /* FruitData.swift in Sources */,
				6759BF672B69DD6500BBD9D6 /* OnBoardingScreenView.swift in Sources */,
				6759BF6F2B69E2BF00BBD9D6 /* PlacesData.swift in Sources */,
				6748F8022B6AAEF7001BE8FD /* PlacesView.swift in Sources */,
				6759BF712B69E32700BBD9D6 /* FruitCardView.swift in Sources */,
				6759BF5B2B69DC7000BBD9D6 /* ContentView.swift in Sources */,
				6759BF592B69DC7000BBD9D6 /* ShoppingApp05App.swift in Sources */,
			);
			runOnlyForDeploymentPostprocessing = 0;
		};
/* End PBXSourcesBuildPhase section */

/* Begin XCBuildConfiguration section */
		6759BF612B69DC7100BBD9D6 /* Debug */ = {
			isa = XCBuildConfiguration;
			buildSettings = {
				ALWAYS_SEARCH_USER_PATHS = NO;
				ASSETCATALOG_COMPILER_GENERATE_SWIFT_ASSET_SYMBOL_EXTENSIONS = YES;
				CLANG_ANALYZER_NONNULL = YES;
				CLANG_ANALYZER_NUMBER_OBJECT_CONVERSION = YES_AGGRESSIVE;
				CLANG_CXX_LANGUAGE_STANDARD = "gnu++20";
				CLANG_ENABLE_MODULES = YES;
				CLANG_ENABLE_OBJC_ARC = YES;
				CLANG_ENABLE_OBJC_WEAK = YES;
				CLANG_WARN_BLOCK_CAPTURE_AUTORELEASING = YES;
				CLANG_WARN_BOOL_CONVERSION = YES;
				CLANG_WARN_COMMA = YES;
				CLANG_WARN_CONSTANT_CONVERSION = YES;
				CLANG_WARN_DEPRECATED_OBJC_IMPLEMENTATIONS = YES;
				CLANG_WARN_DIRECT_OBJC_ISA_USAGE = YES_ERROR;
				CLANG_WARN_DOCUMENTATION_COMMENTS = YES;
				CLANG_WARN_EMPTY_BODY = YES;
				CLANG_WARN_ENUM_CONVERSION = YES;
				CLANG_WARN_INFINITE_RECURSION = YES;
				CLANG_WARN_INT_CONVERSION = YES;
				CLANG_WARN_NON_LITERAL_NULL_CONVERSION = YES;
				CLANG_WARN_OBJC_IMPLICIT_RETAIN_SELF = YES;
				CLANG_WARN_OBJC_LITERAL_CONVERSION = YES;
				CLANG_WARN_OBJC_ROOT_CLASS = YES_ERROR;
				CLANG_WARN_QUOTED_INCLUDE_IN_FRAMEWORK_HEADER = YES;
				CLANG_WARN_RANGE_LOOP_ANALYSIS = YES;
				CLANG_WARN_STRICT_PROTOTYPES = YES;
				CLANG_WARN_SUSPICIOUS_MOVE = YES;
				CLANG_WARN_UNGUARDED_AVAILABILITY = YES_AGGRESSIVE;
				CLANG_WARN_UNREACHABLE_CODE = YES;
				CLANG_WARN__DUPLICATE_METHOD_MATCH = YES;
				COPY_PHASE_STRIP = NO;
				DEBUG_INFORMATION_FORMAT = dwarf;
				ENABLE_STRICT_OBJC_MSGSEND = YES;
				ENABLE_TESTABILITY = YES;
				ENABLE_USER_SCRIPT_SANDBOXING = YES;
				GCC_C_LANGUAGE_STANDARD = gnu17;
				GCC_DYNAMIC_NO_PIC = NO;
				GCC_NO_COMMON_BLOCKS = YES;
				GCC_OPTIMIZATION_LEVEL = 0;
				GCC_PREPROCESSOR_DEFINITIONS = (
					"DEBUG=1",
					"$(inherited)",
				);
				GCC_WARN_64_TO_32_BIT_CONVERSION = YES;
				GCC_WARN_ABOUT_RETURN_TYPE = YES_ERROR;
				GCC_WARN_UNDECLARED_SELECTOR = YES;
				GCC_WARN_UNINITIALIZED_AUTOS = YES_AGGRESSIVE;
				GCC_WARN_UNUSED_FUNCTION = YES;
				GCC_WARN_UNUSED_VARIABLE = YES;
				IPHONEOS_DEPLOYMENT_TARGET = 17.2;
				LOCALIZATION_PREFERS_STRING_CATALOGS = YES;
				MTL_ENABLE_DEBUG_INFO = INCLUDE_SOURCE;
				MTL_FAST_MATH = YES;
				ONLY_ACTIVE_ARCH = YES;
				SDKROOT = iphoneos;
				SWIFT_ACTIVE_COMPILATION_CONDITIONS = "DEBUG $(inherited)";
				SWIFT_OPTIMIZATION_LEVEL = "-Onone";
			};
			name = Debug;
		};
		6759BF622B69DC7100BBD9D6 /* Release */ = {
			isa = XCBuildConfiguration;
			buildSettings = {
				ALWAYS_SEARCH_USER_PATHS = NO;
				ASSETCATALOG_COMPILER_GENERATE_SWIFT_ASSET_SYMBOL_EXTENSIONS = YES;
				CLANG_ANALYZER_NONNULL = YES;
				CLANG_ANALYZER_NUMBER_OBJECT_CONVERSION = YES_AGGRESSIVE;
				CLANG_CXX_LANGUAGE_STANDARD = "gnu++20";
				CLANG_ENABLE_MODULES = YES;
				CLANG_ENABLE_OBJC_ARC = YES;
				CLANG_ENABLE_OBJC_WEAK = YES;
				CLANG_WARN_BLOCK_CAPTURE_AUTORELEASING = YES;
				CLANG_WARN_BOOL_CONVERSION = YES;
				CLANG_WARN_COMMA = YES;
				CLANG_WARN_CONSTANT_CONVERSION = YES;
				CLANG_WARN_DEPRECATED_OBJC_IMPLEMENTATIONS = YES;
				CLANG_WARN_DIRECT_OBJC_ISA_USAGE = YES_ERROR;
				CLANG_WARN_DOCUMENTATION_COMMENTS = YES;
				CLANG_WARN_EMPTY_BODY = YES;
				CLANG_WARN_ENUM_CONVERSION = YES;
				CLANG_WARN_INFINITE_RECURSION = YES;
				CLANG_WARN_INT_CONVERSION = YES;
				CLANG_WARN_NON_LITERAL_NULL_CONVERSION = YES;
				CLANG_WARN_OBJC_IMPLICIT_RETAIN_SELF = YES;
				CLANG_WARN_OBJC_LITERAL_CONVERSION = YES;
				CLANG_WARN_OBJC_ROOT_CLASS = YES_ERROR;
				CLANG_WARN_QUOTED_INCLUDE_IN_FRAMEWORK_HEADER = YES;
				CLANG_WARN_RANGE_LOOP_ANALYSIS = YES;
				CLANG_WARN_STRICT_PROTOTYPES = YES;
				CLANG_WARN_SUSPICIOUS_MOVE = YES;
				CLANG_WARN_UNGUARDED_AVAILABILITY = YES_AGGRESSIVE;
				CLANG_WARN_UNREACHABLE_CODE = YES;
				CLANG_WARN__DUPLICATE_METHOD_MATCH = YES;
				COPY_PHASE_STRIP = NO;
				DEBUG_INFORMATION_FORMAT = "dwarf-with-dsym";
				ENABLE_NS_ASSERTIONS = NO;
				ENABLE_STRICT_OBJC_MSGSEND = YES;
				ENABLE_USER_SCRIPT_SANDBOXING = YES;
				GCC_C_LANGUAGE_STANDARD = gnu17;
				GCC_NO_COMMON_BLOCKS = YES;
				GCC_WARN_64_TO_32_BIT_CONVERSION = YES;
				GCC_WARN_ABOUT_RETURN_TYPE = YES_ERROR;
				GCC_WARN_UNDECLARED_SELECTOR = YES;
				GCC_WARN_UNINITIALIZED_AUTOS = YES_AGGRESSIVE;
				GCC_WARN_UNUSED_FUNCTION = YES;
				GCC_WARN_UNUSED_VARIABLE = YES;
				IPHONEOS_DEPLOYMENT_TARGET = 17.2;
				LOCALIZATION_PREFERS_STRING_CATALOGS = YES;
				MTL_ENABLE_DEBUG_INFO = NO;
				MTL_FAST_MATH = YES;
				SDKROOT = iphoneos;
				SWIFT_COMPILATION_MODE = wholemodule;
				VALIDATE_PRODUCT = YES;
			};
			name = Release;
		};
		6759BF642B69DC7100BBD9D6 /* Debug */ = {
			isa = XCBuildConfiguration;
			buildSettings = {
				ASSETCATALOG_COMPILER_APPICON_NAME = AppIcon;
				ASSETCATALOG_COMPILER_GLOBAL_ACCENT_COLOR_NAME = AccentColor;
				CODE_SIGN_STYLE = Automatic;
				CURRENT_PROJECT_VERSION = 1;
				DEVELOPMENT_ASSET_PATHS = "\"ShoppingApp05/Preview Content\"";
				DEVELOPMENT_TEAM = Z23AR2H693;
				ENABLE_PREVIEWS = YES;
				GENERATE_INFOPLIST_FILE = YES;
				INFOPLIST_KEY_UIApplicationSceneManifest_Generation = YES;
				INFOPLIST_KEY_UIApplicationSupportsIndirectInputEvents = YES;
				INFOPLIST_KEY_UILaunchScreen_Generation = YES;
				INFOPLIST_KEY_UISupportedInterfaceOrientations_iPad = "UIInterfaceOrientationPortrait UIInterfaceOrientationPortraitUpsideDown UIInterfaceOrientationLandscapeLeft UIInterfaceOrientationLandscapeRight";
				INFOPLIST_KEY_UISupportedInterfaceOrientations_iPhone = "UIInterfaceOrientationPortrait UIInterfaceOrientationLandscapeLeft UIInterfaceOrientationLandscapeRight";
				LD_RUNPATH_SEARCH_PATHS = (
					"$(inherited)",
					"@executable_path/Frameworks",
				);
				MARKETING_VERSION = 1.0;
				PRODUCT_BUNDLE_IDENTIFIER = com.kbev.ShoppingApp05;
				PRODUCT_NAME = "$(TARGET_NAME)";
				SWIFT_EMIT_LOC_STRINGS = YES;
				SWIFT_VERSION = 5.0;
				TARGETED_DEVICE_FAMILY = "1,2";
			};
			name = Debug;
		};
		6759BF652B69DC7100BBD9D6 /* Release */ = {
			isa = XCBuildConfiguration;
			buildSettings = {
				ASSETCATALOG_COMPILER_APPICON_NAME = AppIcon;
				ASSETCATALOG_COMPILER_GLOBAL_ACCENT_COLOR_NAME = AccentColor;
				CODE_SIGN_STYLE = Automatic;
				CURRENT_PROJECT_VERSION = 1;
				DEVELOPMENT_ASSET_PATHS = "\"ShoppingApp05/Preview Content\"";
				DEVELOPMENT_TEAM = Z23AR2H693;
				ENABLE_PREVIEWS = YES;
				GENERATE_INFOPLIST_FILE = YES;
				INFOPLIST_KEY_UIApplicationSceneManifest_Generation = YES;
				INFOPLIST_KEY_UIApplicationSupportsIndirectInputEvents = YES;
				INFOPLIST_KEY_UILaunchScreen_Generation = YES;
				INFOPLIST_KEY_UISupportedInterfaceOrientations_iPad = "UIInterfaceOrientationPortrait UIInterfaceOrientationPortraitUpsideDown UIInterfaceOrientationLandscapeLeft UIInterfaceOrientationLandscapeRight";
				INFOPLIST_KEY_UISupportedInterfaceOrientations_iPhone = "UIInterfaceOrientationPortrait UIInterfaceOrientationLandscapeLeft UIInterfaceOrientationLandscapeRight";
				LD_RUNPATH_SEARCH_PATHS = (
					"$(inherited)",
					"@executable_path/Frameworks",
				);
				MARKETING_VERSION = 1.0;
				PRODUCT_BUNDLE_IDENTIFIER = com.kbev.ShoppingApp05;
				PRODUCT_NAME = "$(TARGET_NAME)";
				SWIFT_EMIT_LOC_STRINGS = YES;
				SWIFT_VERSION = 5.0;
				TARGETED_DEVICE_FAMILY = "1,2";
			};
			name = Release;
		};
/* End XCBuildConfiguration section */

/* Begin XCConfigurationList section */
		6759BF502B69DC7000BBD9D6 /* Build configuration list for PBXProject "ShoppingApp05" */ = {
			isa = XCConfigurationList;
			buildConfigurations = (
				6759BF612B69DC7100BBD9D6 /* Debug */,
				6759BF622B69DC7100BBD9D6 /* Release */,
			);
			defaultConfigurationIsVisible = 0;
			defaultConfigurationName = Release;
		};
		6759BF632B69DC7100BBD9D6 /* Build configuration list for PBXNativeTarget "ShoppingApp05" */ = {
			isa = XCConfigurationList;
			buildConfigurations = (
				6759BF642B69DC7100BBD9D6 /* Debug */,
				6759BF652B69DC7100BBD9D6 /* Release */,
			);
			defaultConfigurationIsVisible = 0;
			defaultConfigurationName = Release;
		};
/* End XCConfigurationList section */
	};
	rootObject = 6759BF4D2B69DC7000BBD9D6 /* Project object */;
}
